// !$*UTF8*$!
{
archiveVersion = 1;
classes = {
};
objectVersion = 56;
objects = {

/* Begin PBXBuildFile section */
A1A1A1A11A00000100000001 /* NamesManagerApp.swift in Sources */ = {isa = PBXBuildFile; fileRef = A1A1A1A01A00000100000001 /* NamesManagerApp.swift */; };
A1A1A1A11A00000100000002 /* ContentView.swift in Sources */ = {isa = PBXBuildFile; fileRef = A1A1A1A01A00000100000002 /* ContentView.swift */; };
A1A1A1A11A00000100000003 /* Models in Sources */ = {isa = PBXBuildFile; fileRef = A1A1A1A01A00000100000003 /* NameRecord.swift */; };
A1A1A1A11A00000100000004 /* ViewModels in Sources */ = {isa = PBXBuildFile; fileRef = A1A1A1A01A00000100000004 /* NamesViewModel.swift */; };
A1A1A1A11A00000100000005 /* Services in Sources */ = {isa = PBXBuildFile; fileRef = A1A1A1A01A00000100000005 /* NameImporter.swift */; };
A1A1A1A11A00000100000006 /* NameExporter.swift in Sources */ = {isa = PBXBuildFile; fileRef = A1A1A1A01A00000100000006 /* NameExporter.swift */; };
A1A1A1A11A00000100000007 /* DuplicatesView.swift in Sources */ = {isa = PBXBuildFile; fileRef = A1A1A1A01A00000100000007 /* DuplicatesView.swift */; };
A1A1A1A11A00000100000008 /* StatsView.swift in Sources */ = {isa = PBXBuildFile; fileRef = A1A1A1A01A00000100000008 /* StatsView.swift */; };
A1A1A1A11A00000100000009 /* NamesListView.swift in Sources */ = {isa = PBXBuildFile; fileRef = A1A1A1A01A00000100000009 /* NamesListView.swift */; };
A1A1A1A11A0000010000000A /* ImportView.swift in Sources */ = {isa = PBXBuildFile; fileRef = A1A1A1A01A0000010000000A /* ImportView.swift */; };
A1A1A1A11A0000010000000B /* Utilities.swift in Sources */ = {isa = PBXBuildFile; fileRef = A1A1A1A01A0000010000000B /* NormalizationUtilities.swift */; };
A1A1A1A11A0000010000000C /* PersistenceController.swift in Sources */ = {isa = PBXBuildFile; fileRef = A1A1A1A01A0000010000000C /* PersistenceController.swift */; };
A1A1A1A11A0000010000000D /* Info.plist in Resources */ = {isa = PBXBuildFile; fileRef = A1A1A1A01A0000010000000D /* Info.plist */; };
A1A1A1A11A0000010000000E /* Assets.xcassets in Resources */ = {isa = PBXBuildFile; fileRef = A1A1A1A01A0000010000000E /* Assets.xcassets */; };
A1A1A1A11A0000010000000F /* Preview Assets.xcassets in Resources */ = {isa = PBXBuildFile; fileRef = A1A1A1A01A0000010000000F /* Preview Assets.xcassets */; };
A1A1A1A11A00000100000030 /* ImportViewModel.swift in Sources */ = {isa = PBXBuildFile; fileRef = A1A1A1A01A00000100000030 /* ImportViewModel.swift */; };
A1A1A1A11A00000100000031 /* NameEditorView.swift in Sources */ = {isa = PBXBuildFile; fileRef = A1A1A1A01A00000100000031 /* NameEditorView.swift */; };
/* End PBXBuildFile section */

/* Begin PBXFileReference section */
A1A1A1A01A00000100000001 /* NamesManagerApp.swift */ = {isa = PBXFileReference; lastKnownFileType = sourcecode.swift; path = NamesManagerApp.swift; sourceTree = "<group>"; };
A1A1A1A01A00000100000002 /* ContentView.swift */ = {isa = PBXFileReference; lastKnownFileType = sourcecode.swift; path = ContentView.swift; sourceTree = "<group>"; };
A1A1A1A01A00000100000003 /* NameRecord.swift */ = {isa = PBXFileReference; lastKnownFileType = sourcecode.swift; path = NameRecord.swift; sourceTree = "<group>"; };
A1A1A1A01A00000100000004 /* NamesViewModel.swift */ = {isa = PBXFileReference; lastKnownFileType = sourcecode.swift; path = NamesViewModel.swift; sourceTree = "<group>"; };
A1A1A1A01A00000100000005 /* NameImporter.swift */ = {isa = PBXFileReference; lastKnownFileType = sourcecode.swift; path = NameImporter.swift; sourceTree = "<group>"; };
A1A1A1A01A00000100000006 /* NameExporter.swift */ = {isa = PBXFileReference; lastKnownFileType = sourcecode.swift; path = NameExporter.swift; sourceTree = "<group>"; };
A1A1A1A01A00000100000007 /* DuplicatesView.swift */ = {isa = PBXFileReference; lastKnownFileType = sourcecode.swift; path = DuplicatesView.swift; sourceTree = "<group>"; };
A1A1A1A01A00000100000008 /* StatsView.swift */ = {isa = PBXFileReference; lastKnownFileType = sourcecode.swift; path = StatsView.swift; sourceTree = "<group>"; };
A1A1A1A01A00000100000009 /* NamesListView.swift */ = {isa = PBXFileReference; lastKnownFileType = sourcecode.swift; path = NamesListView.swift; sourceTree = "<group>"; };
A1A1A1A01A0000010000000A /* ImportView.swift */ = {isa = PBXFileReference; lastKnownFileType = sourcecode.swift; path = ImportView.swift; sourceTree = "<group>"; };
A1A1A1A01A0000010000000B /* NormalizationUtilities.swift */ = {isa = PBXFileReference; lastKnownFileType = sourcecode.swift; path = NormalizationUtilities.swift; sourceTree = "<group>"; };
A1A1A1A01A0000010000000C /* PersistenceController.swift */ = {isa = PBXFileReference; lastKnownFileType = sourcecode.swift; path = PersistenceController.swift; sourceTree = "<group>"; };
A1A1A1A01A0000010000000D /* Info.plist */ = {isa = PBXFileReference; lastKnownFileType = text.plist.xml; path = Info.plist; sourceTree = "<group>"; };
A1A1A1A01A0000010000000E /* Assets.xcassets */ = {isa = PBXFileReference; lastKnownFileType = folder.assetcatalog; path = Assets.xcassets; sourceTree = "<group>"; };
A1A1A1A01A0000010000000F /* Preview Assets.xcassets */ = {isa = PBXFileReference; lastKnownFileType = folder.assetcatalog; path = "Preview Assets.xcassets"; sourceTree = "<group>"; };
A1A1A1A01A00000100000030 /* ImportViewModel.swift */ = {isa = PBXFileReference; lastKnownFileType = sourcecode.swift; path = ImportViewModel.swift; sourceTree = "<group>"; };
A1A1A1A01A00000100000031 /* NameEditorView.swift */ = {isa = PBXFileReference; lastKnownFileType = sourcecode.swift; path = NameEditorView.swift; sourceTree = "<group>"; };
/* End PBXFileReference section */

/* Begin PBXFrameworksBuildPhase section */
A1A1A1A01A00000100000020 /* Frameworks */ = {
isa = PBXFrameworksBuildPhase;
buildActionMask = 2147483647;
files = (
);
runOnlyForDeploymentPostprocessing = 0;
};
/* End PBXFrameworksBuildPhase section */

/* Begin PBXGroup section */
A1A1A1A01A00000100000010 = {
isa = PBXGroup;
children = (
A1A1A1A01A00000100000011 /* NamesManager */,
A1A1A1A01A0000010000001F /* Products */,
);
sourceTree = "<group>";
};
A1A1A1A01A00000100000011 /* NamesManager */ = {
isa = PBXGroup;
children = (
A1A1A1A01A00000100000012 /* App */,
A1A1A1A01A00000100000013 /* Models */,
A1A1A1A01A00000100000014 /* ViewModels */,
A1A1A1A01A00000100000015 /* Services */,
A1A1A1A01A00000100000016 /* Views */,
A1A1A1A01A00000100000017 /* Utilities */,
A1A1A1A01A00000100000018 /* Resources */,
);
path = NamesManager;
sourceTree = "<group>";
};
A1A1A1A01A00000100000012 /* App */ = {
isa = PBXGroup;
children = (
A1A1A1A01A00000100000001 /* NamesManagerApp.swift */,
A1A1A1A01A00000100000002 /* ContentView.swift */,
);
path = App;
sourceTree = "<group>";
};
A1A1A1A01A00000100000013 /* Models */ = {
isa = PBXGroup;
children = (
A1A1A1A01A00000100000003 /* NameRecord.swift */,
);
path = Models;
sourceTree = "<group>";
};
A1A1A1A01A00000100000014 /* ViewModels */ = {
isa = PBXGroup;
children = (
A1A1A1A01A00000100000004 /* NamesViewModel.swift */,
A1A1A1A01A00000100000030 /* ImportViewModel.swift */,
);
path = ViewModels;
sourceTree = "<group>";
};
A1A1A1A01A00000100000015 /* Services */ = {
isa = PBXGroup;
children = (
A1A1A1A01A00000100000005 /* NameImporter.swift */,
A1A1A1A01A00000100000006 /* NameExporter.swift */,
);
path = Services;
sourceTree = "<group>";
};
A1A1A1A01A00000100000016 /* Views */ = {
isa = PBXGroup;
children = (
A1A1A1A01A0000010000000A /* ImportView.swift */,
A1A1A1A01A00000100000009 /* NamesListView.swift */,
A1A1A1A01A00000100000031 /* NameEditorView.swift */,
A1A1A1A01A00000100000007 /* DuplicatesView.swift */,
A1A1A1A01A00000100000008 /* StatsView.swift */,
);
path = Views;
sourceTree = "<group>";
};
A1A1A1A01A00000100000017 /* Utilities */ = {
isa = PBXGroup;
children = (
A1A1A1A01A0000010000000B /* NormalizationUtilities.swift */,
A1A1A1A01A0000010000000C /* PersistenceController.swift */,
);
path = Utilities;
sourceTree = "<group>";
};
A1A1A1A01A00000100000018 /* Resources */ = {
isa = PBXGroup;
children = (
A1A1A1A01A0000010000000D /* Info.plist */,
A1A1A1A01A0000010000000E /* Assets.xcassets */,
A1A1A1A01A00000100000019 /* Preview Content */,
);
path = Resources;
sourceTree = "<group>";
};
A1A1A1A01A00000100000019 /* Preview Content */ = {
isa = PBXGroup;
children = (
A1A1A1A01A0000010000000F /* Preview Assets.xcassets */,
);
path = "Preview Content";
sourceTree = "<group>";
};
A1A1A1A01A0000010000001F /* Products */ = {
isa = PBXGroup;
children = (
A1A1A1A01A0000010000001E /* NamesManager.app */,
);
name = Products;
sourceTree = "<group>";
};
/* End PBXGroup section */

/* Begin PBXNativeTarget section */
A1A1A1A01A0000010000001D /* NamesManager */ = {
isa = PBXNativeTarget;
buildConfigurationList = A1A1A1A01A0000010000002A /* Build configuration list for PBXNativeTarget "NamesManager" */;
buildPhases = (
A1A1A1A01A0000010000001A /* Sources */,
A1A1A1A01A0000010000001B /* Frameworks */,
A1A1A1A01A0000010000001C /* Resources */,
);
buildRules = (
);
dependencies = (
);
name = NamesManager;
productName = NamesManager;
productReference = A1A1A1A01A0000010000001E /* NamesManager.app */;
productType = "com.apple.product-type.application";
};
/* End PBXNativeTarget section */

/* Begin PBXProject section */
A1A1A1A01A00000100000000 /* Project object */ = {
isa = PBXProject;
attributes = {
LastSwiftUpdateCheck = 1500;
LastUpgradeCheck = 1500;
TargetAttributes = {
A1A1A1A01A0000010000001D = {
DevelopmentTeam = "";
ProvisioningStyle = Automatic;
};
};
};
buildConfigurationList = A1A1A1A01A00000100000021 /* Build configuration list for PBXProject "NamesManager" */;
compatibilityVersion = "Xcode 14.0";
developmentRegion = en;
hasScannedForEncodings = 0;
knownRegions = (
en,
);
mainGroup = A1A1A1A01A00000100000010;
productRefGroup = A1A1A1A01A0000010000001F /* Products */;
projectDirPath = "";
projectRoot = "";
targets = (
A1A1A1A01A0000010000001D /* NamesManager */,
);
};
/* End PBXProject section */

/* Begin PBXResourcesBuildPhase section */
A1A1A1A01A0000010000001C /* Resources */ = {
isa = PBXResourcesBuildPhase;
buildActionMask = 2147483647;
files = (
A1A1A1A11A0000010000000D /* Info.plist in Resources */,
A1A1A1A11A0000010000000E /* Assets.xcassets in Resources */,
A1A1A1A11A0000010000000F /* Preview Assets.xcassets in Resources */,
);
runOnlyForDeploymentPostprocessing = 0;
};
/* End PBXResourcesBuildPhase section */

/* Begin PBXSourcesBuildPhase section */
A1A1A1A01A0000010000001A /* Sources */ = {
isa = PBXSourcesBuildPhase;
buildActionMask = 2147483647;
files = (
A1A1A1A11A00000100000005 /* Services in Sources */,
A1A1A1A11A0000010000000C /* PersistenceController.swift in Sources */,
A1A1A1A11A0000010000000B /* Utilities.swift in Sources */,
A1A1A1A11A00000100000003 /* Models in Sources */,
A1A1A1A11A00000100000006 /* NameExporter.swift in Sources */,
A1A1A1A11A00000100000002 /* ContentView.swift in Sources */,
A1A1A1A11A00000100000007 /* DuplicatesView.swift in Sources */,
A1A1A1A11A00000100000008 /* StatsView.swift in Sources */,
A1A1A1A11A00000100000009 /* NamesListView.swift in Sources */,
A1A1A1A11A00000100000004 /* ViewModels in Sources */,
A1A1A1A11A0000010000000A /* ImportView.swift in Sources */,
A1A1A1A11A00000100000001 /* NamesManagerApp.swift in Sources */,
A1A1A1A11A00000100000030 /* ImportViewModel.swift in Sources */,
A1A1A1A11A00000100000031 /* NameEditorView.swift in Sources */,
);
runOnlyForDeploymentPostprocessing = 0;
};
/* End PBXSourcesBuildPhase section */

/* Begin XCBuildConfiguration section */
A1A1A1A01A00000100000022 /* Debug */ = {
isa = XCBuildConfiguration;
buildSettings = {
ALWAYS_SEARCH_USER_PATHS = NO;
ASSETCATALOG_COMPILER_APPICON_NAME = AppIcon;
CLANG_ANALYZER_NONNULL = YES;
CLANG_ANALYZER_NUMBER_OBJECT_CONVERSION = YES_AGGRESSIVE;
CODE_SIGN_STYLE = Automatic;
CURRENT_PROJECT_VERSION = 1;
DEVELOPMENT_ASSET_PATHS = "\"NamesManager/Resources/Preview Content\"";
DEVELOPMENT_TEAM = "";
ENABLE_PREVIEWS = YES;
GENERATE_INFOPLIST_FILE = NO;
INFOPLIST_FILE = NamesManager/Resources/Info.plist;
IPHONEOS_DEPLOYMENT_TARGET = 16.0;
LD_RUNPATH_SEARCH_PATHS = "$(inherited) @executable_path/Frameworks";
MARKETING_VERSION = 1.0;
PRODUCT_BUNDLE_IDENTIFIER = com.example.NamesManager;
PRODUCT_NAME = "$(TARGET_NAME)";
SDKROOT = iphoneos;
SWIFT_EMIT_LOC_STRINGS = YES;
SWIFT_VERSION = 5.0;
TARGETED_DEVICE_FAMILY = "1";
};
name = Debug;
};
A1A1A1A01A00000100000023 /* Release */ = {
isa = XCBuildConfiguration;
buildSettings = {
ALWAYS_SEARCH_USER_PATHS = NO;
ASSETCATALOG_COMPILER_APPICON_NAME = AppIcon;
CLANG_ANALYZER_NONNULL = YES;
CLANG_ANALYZER_NUMBER_OBJECT_CONVERSION = YES_AGGRESSIVE;
CODE_SIGN_STYLE = Automatic;
CURRENT_PROJECT_VERSION = 1;
DEVELOPMENT_ASSET_PATHS = "\"NamesManager/Resources/Preview Content\"";
DEVELOPMENT_TEAM = "";
ENABLE_PREVIEWS = YES;
GENERATE_INFOPLIST_FILE = NO;
INFOPLIST_FILE = NamesManager/Resources/Info.plist;
IPHONEOS_DEPLOYMENT_TARGET = 16.0;
LD_RUNPATH_SEARCH_PATHS = "$(inherited) @executable_path/Frameworks";
MARKETING_VERSION = 1.0;
PRODUCT_BUNDLE_IDENTIFIER = com.example.NamesManager;
PRODUCT_NAME = "$(TARGET_NAME)";
SDKROOT = iphoneos;
SWIFT_EMIT_LOC_STRINGS = YES;
SWIFT_VERSION = 5.0;
TARGETED_DEVICE_FAMILY = "1";
};
name = Release;
};
A1A1A1A01A00000100000024 /* Debug */ = {
isa = XCBuildConfiguration;
buildSettings = {
ALWAYS_SEARCH_USER_PATHS = NO;
CLANG_ANALYZER_NONNULL = YES;
CLANG_ANALYZER_NUMBER_OBJECT_CONVERSION = YES_AGGRESSIVE;
CLANG_CXX_LANGUAGE_STANDARD = "gnu++17";
CLANG_ENABLE_OBJC_ARC = YES;
CLANG_WARN_BLOCK_CAPTURE_AUTORELEASING = YES;
CLANG_WARN_BOOL_CONVERSION = YES;
CLANG_WARN_COMMA = YES;
CLANG_WARN_CONSTANT_CONVERSION = YES;
CLANG_WARN_DEPRECATED_OBJC_IMPLEMENTATIONS = YES;
CLANG_WARN_DIRECT_OBJC_ISA_USAGE = YES_ERROR;
CLANG_WARN_DOCUMENTATION_COMMENTS = YES;
CLANG_WARN_EMPTY_BODY = YES;
CLANG_WARN_ENUM_CONVERSION = YES;
CLANG_WARN_INFINITE_RECURSION = YES;
CLANG_WARN_INT_CONVERSION = YES;
CLANG_WARN_NON_LITERAL_NULL_CONVERSION = YES;
CLANG_WARN_OBJC_IMPLICIT_RETAIN_SELF = YES;
CLANG_WARN_OBJC_LITERAL_CONVERSION = YES;
CLANG_WARN_QUOTED_INCLUDE_IN_FRAMEWORK_HEADER = YES;
CLANG_WARN_RANGE_LOOP_ANALYSIS = YES;
CLANG_WARN_STRICT_PROTOTYPES = YES;
CLANG_WARN_SUSPICIOUS_MOVE = YES;
CLANG_WARN_UNGUARDED_AVAILABILITY = YES_AGGRESSIVE;
CODE_SIGN_STYLE = Automatic;
COPY_PHASE_STRIP = NO;
DEBUG_INFORMATION_FORMAT = dwarf;
ENABLE_STRICT_OBJC_MSGSEND = YES;
ENABLE_TESTABILITY = YES;
GCC_C_LANGUAGE_STANDARD = gnu11;
GCC_DYNAMIC_NO_PIC = NO;
GCC_NO_COMMON_BLOCKS = YES;
GCC_OPTIMIZATION_LEVEL = 0;
GCC_PREPROCESSOR_DEFINITIONS = (
"DEBUG=1",
"$(inherited)",
);
GCC_WARN_64_TO_32_BIT_CONVERSION = YES;
GCC_WARN_ABOUT_RETURN_TYPE = YES_ERROR;
GCC_WARN_UNDECLARED_SELECTOR = YES;
GCC_WARN_UNINITIALIZED_AUTOS = YES_AGGRESSIVE;
GCC_WARN_UNUSED_FUNCTION = YES;
GCC_WARN_UNUSED_VARIABLE = YES;
IPHONEOS_DEPLOYMENT_TARGET = 16.0;
MTL_ENABLE_DEBUG_INFO = INCLUDE_SOURCE;
MTL_FAST_MATH = YES;
ONLY_ACTIVE_ARCH = YES;
SDKROOT = iphoneos;
SWIFT_ACTIVE_COMPILATION_CONDITIONS = DEBUG;
SWIFT_OPTIMIZATION_LEVEL = "-Onone";
};
name = Debug;
};
A1A1A1A01A00000100000025 /* Release */ = {
isa = XCBuildConfiguration;
buildSettings = {
ALWAYS_SEARCH_USER_PATHS = NO;
CLANG_ANALYZER_NONNULL = YES;
CLANG_ANALYZER_NUMBER_OBJECT_CONVERSION = YES_AGGRESSIVE;
CLANG_CXX_LANGUAGE_STANDARD = "gnu++17";
CLANG_ENABLE_OBJC_ARC = YES;
CLANG_WARN_BLOCK_CAPTURE_AUTORELEASING = YES;
CLANG_WARN_BOOL_CONVERSION = YES;
CLANG_WARN_COMMA = YES;
CLANG_WARN_CONSTANT_CONVERSION = YES;
CLANG_WARN_DEPRECATED_OBJC_IMPLEMENTATIONS = YES;
CLANG_WARN_DIRECT_OBJC_ISA_USAGE = YES_ERROR;
CLANG_WARN_DOCUMENTATION_COMMENTS = YES;
CLANG_WARN_EMPTY_BODY = YES;
CLANG_WARN_ENUM_CONVERSION = YES;
CLANG_WARN_INFINITE_RECURSION = YES;
CLANG_WARN_INT_CONVERSION = YES;
CLANG_WARN_NON_LITERAL_NULL_CONVERSION = YES;
CLANG_WARN_OBJC_IMPLICIT_RETAIN_SELF = YES;
CLANG_WARN_OBJC_LITERAL_CONVERSION = YES;
CLANG_WARN_QUOTED_INCLUDE_IN_FRAMEWORK_HEADER = YES;
CLANG_WARN_RANGE_LOOP_ANALYSIS = YES;
CLANG_WARN_STRICT_PROTOTYPES = YES;
CLANG_WARN_SUSPICIOUS_MOVE = YES;
CLANG_WARN_UNGUARDED_AVAILABILITY = YES_AGGRESSIVE;
CODE_SIGN_STYLE = Automatic;
COPY_PHASE_STRIP = NO;
DEBUG_INFORMATION_FORMAT = "dwarf-with-dsym";
ENABLE_NS_ASSERTIONS = NO;
ENABLE_STRICT_OBJC_MSGSEND = YES;
GCC_C_LANGUAGE_STANDARD = gnu11;
GCC_NO_COMMON_BLOCKS = YES;
GCC_WARN_64_TO_32_BIT_CONVERSION = YES;
GCC_WARN_ABOUT_RETURN_TYPE = YES_ERROR;
GCC_WARN_UNDECLARED_SELECTOR = YES;
GCC_WARN_UNINITIALIZED_AUTOS = YES_AGGRESSIVE;
GCC_WARN_UNUSED_FUNCTION = YES;
GCC_WARN_UNUSED_VARIABLE = YES;
IPHONEOS_DEPLOYMENT_TARGET = 16.0;
MTL_ENABLE_DEBUG_INFO = NO;
MTL_FAST_MATH = YES;
SDKROOT = iphoneos;
SWIFT_COMPILATION_MODE = wholemodule;
SWIFT_OPTIMIZATION_LEVEL = "-O";
};
name = Release;
};
/* End XCBuildConfiguration section */

/* Begin XCConfigurationList section */
A1A1A1A01A00000100000021 /* Build configuration list for PBXProject "NamesManager" */ = {
isa = XCConfigurationList;
buildConfigurations = (
A1A1A1A01A00000100000024 /* Debug */,
A1A1A1A01A00000100000025 /* Release */,
);
defaultConfigurationIsVisible = 0;
defaultConfigurationName = Debug;
};
A1A1A1A01A0000010000002A /* Build configuration list for PBXNativeTarget "NamesManager" */ = {
isa = XCConfigurationList;
buildConfigurations = (
A1A1A1A01A00000100000022 /* Debug */,
A1A1A1A01A00000100000023 /* Release */,
);
defaultConfigurationIsVisible = 0;
defaultConfigurationName = Debug;
};
/* End XCConfigurationList section */
};
rootObject = A1A1A1A01A00000100000000 /* Project object */;
}
